
Microsoft Visual Studio Solution File, Format Version 12.00
# Visual Studio Version 17
VisualStudioVersion = 17.14.37314.3 d17.14
MinimumVisualStudioVersion = 10.0.40219.1
Project("{FAE04EC0-301F-11D3-BF4B-00C04F79EFBC}") = "Simulación de Copos de Nieve cayendo", "TrabajoPractico\Simulación de Copos de Nieve cayendo.csproj", "{FA5B7976-57A2-4E35-BFB8-42FEF3762997}"
EndProject
Global
	GlobalSection(SolutionConfigurationPlatforms) = preSolution
		Debug|Any CPU = Debug|Any CPU
		Release|Any CPU = Release|Any CPU
	EndGlobalSection
	GlobalSection(ProjectConfigurationPlatforms) = postSolution
		{FA5B7976-57A2-4E35-BFB8-42FEF3762997}.Debug|Any CPU.ActiveCfg = Debug|Any CPU
		{FA5B7976-57A2-4E35-BFB8-42FEF3762997}.Debug|Any CPU.Build.0 = Debug|Any CPU
		{FA5B7976-57A2-4E35-BFB8-42FEF3762997}.Release|Any CPU.ActiveCfg = Release|Any CPU
		{FA5B7976-57A2-4E35-BFB8-42FEF3762997}.Release|Any CPU.Build.0 = Release|Any CPU
	EndGlobalSection
	GlobalSection(SolutionProperties) = preSolution
		HideSolutionNode = FALSE
	EndGlobalSection
	GlobalSection(ExtensibilityGlobals) = postSolution
		SolutionGuid = {C00E3A2A-85C8-4C9E-A64F-82DB2D6E5FF8}
	EndGlobalSection
EndGlobal
